
Microsoft Visual Studio Solution File, Format Version 12.00
# Visual Studio Version 17
VisualStudioVersion = 17.11.35327.3
MinimumVisualStudioVersion = 10.0.40219.1
Project("{2150E333-8FDC-42A3-9474-1A3956D46DE8}") = "Presentation", "Presentation", "{80DACE41-359E-48F3-A8FD-59189B2D4294}"
EndProject
Project("{2150E333-8FDC-42A3-9474-1A3956D46DE8}") = "Application", "Application", "{ABBEFA62-6D21-4DFA-9B74-3BF2416C0EDD}"
EndProject
Project("{2150E333-8FDC-42A3-9474-1A3956D46DE8}") = "Domain", "Domain", "{325C483B-D541-42A1-9B08-9E0209A27850}"
EndProject
Project("{2150E333-8FDC-42A3-9474-1A3956D46DE8}") = "Infrastructure", "Infrastructure", "{DF609417-74BF-40D2-9689-FCF7FFE55645}"
EndProject
Project("{9A19103F-16F7-4668-BE54-9A1E7A4F7556}") = "MySocial.WebApi", "src\MySocial.WebApi\MySocial.WebApi.csproj", "{7EF90DAA-DFB0-4B3A-99AF-908A7079BC2D}"
EndProject
Project("{9A19103F-16F7-4668-BE54-9A1E7A4F7556}") = "MySocial.Application", "src\MySocial.Application\MySocial.Application.csproj", "{260F7941-38F4-4576-9648-F58824FBA7F4}"
EndProject
Project("{9A19103F-16F7-4668-BE54-9A1E7A4F7556}") = "MySocial.Domain", "src\MySocial.Domain\MySocial.Domain.csproj", "{6643A028-4E53-4848-988D-7211CD6B894D}"
EndProject
Project("{9A19103F-16F7-4668-BE54-9A1E7A4F7556}") = "MySocial.Infrastructure", "src\MySocial.Infrastructure\MySocial.Infrastructure.csproj", "{C2F2C25D-E971-46FF-8362-17121B09D769}"
EndProject
Project("{FAE04EC0-301F-11D3-BF4B-00C04F79EFBC}") = "MySocial.UnitTests", "tests\MySocial.UnitTests\MySocial.UnitTests.csproj", "{8D1FCE7C-6C9E-4E20-9417-F10EE3AD261C}"
EndProject
Global
	GlobalSection(SolutionConfigurationPlatforms) = preSolution
		Debug|Any CPU = Debug|Any CPU
		Release|Any CPU = Release|Any CPU
	EndGlobalSection
	GlobalSection(ProjectConfigurationPlatforms) = postSolution
		{7EF90DAA-DFB0-4B3A-99AF-908A7079BC2D}.Debug|Any CPU.ActiveCfg = Debug|Any CPU
		{7EF90DAA-DFB0-4B3A-99AF-908A7079BC2D}.Debug|Any CPU.Build.0 = Debug|Any CPU
		{7EF90DAA-DFB0-4B3A-99AF-908A7079BC2D}.Release|Any CPU.ActiveCfg = Release|Any CPU
		{7EF90DAA-DFB0-4B3A-99AF-908A7079BC2D}.Release|Any CPU.Build.0 = Release|Any CPU
		{260F7941-38F4-4576-9648-F58824FBA7F4}.Debug|Any CPU.ActiveCfg = Debug|Any CPU
		{260F7941-38F4-4576-9648-F58824FBA7F4}.Debug|Any CPU.Build.0 = Debug|Any CPU
		{260F7941-38F4-4576-9648-F58824FBA7F4}.Release|Any CPU.ActiveCfg = Release|Any CPU
		{260F7941-38F4-4576-9648-F58824FBA7F4}.Release|Any CPU.Build.0 = Release|Any CPU
		{6643A028-4E53-4848-988D-7211CD6B894D}.Debug|Any CPU.ActiveCfg = Debug|Any CPU
		{6643A028-4E53-4848-988D-7211CD6B894D}.Debug|Any CPU.Build.0 = Debug|Any CPU
		{6643A028-4E53-4848-988D-7211CD6B894D}.Release|Any CPU.ActiveCfg = Release|Any CPU
		{6643A028-4E53-4848-988D-7211CD6B894D}.Release|Any CPU.Build.0 = Release|Any CPU
		{C2F2C25D-E971-46FF-8362-17121B09D769}.Debug|Any CPU.ActiveCfg = Debug|Any CPU
		{C2F2C25D-E971-46FF-8362-17121B09D769}.Debug|Any CPU.Build.0 = Debug|Any CPU
		{C2F2C25D-E971-46FF-8362-17121B09D769}.Release|Any CPU.ActiveCfg = Release|Any CPU
		{C2F2C25D-E971-46FF-8362-17121B09D769}.Release|Any CPU.Build.0 = Release|Any CPU
		{8D1FCE7C-6C9E-4E20-9417-F10EE3AD261C}.Debug|Any CPU.ActiveCfg = Debug|Any CPU
		{8D1FCE7C-6C9E-4E20-9417-F10EE3AD261C}.Debug|Any CPU.Build.0 = Debug|Any CPU
		{8D1FCE7C-6C9E-4E20-9417-F10EE3AD261C}.Release|Any CPU.ActiveCfg = Release|Any CPU
		{8D1FCE7C-6C9E-4E20-9417-F10EE3AD261C}.Release|Any CPU.Build.0 = Release|Any CPU
	EndGlobalSection
	GlobalSection(SolutionProperties) = preSolution
		HideSolutionNode = FALSE
	EndGlobalSection
	GlobalSection(NestedProjects) = preSolution
		{7EF90DAA-DFB0-4B3A-99AF-908A7079BC2D} = {80DACE41-359E-48F3-A8FD-59189B2D4294}
		{260F7941-38F4-4576-9648-F58824FBA7F4} = {ABBEFA62-6D21-4DFA-9B74-3BF2416C0EDD}
		{6643A028-4E53-4848-988D-7211CD6B894D} = {325C483B-D541-42A1-9B08-9E0209A27850}
		{C2F2C25D-E971-46FF-8362-17121B09D769} = {DF609417-74BF-40D2-9689-FCF7FFE55645}
	EndGlobalSection
	GlobalSection(ExtensibilityGlobals) = postSolution
		SolutionGuid = {228FF29C-DB49-4FE9-929E-E3ADDAD57EF6}
	EndGlobalSection
EndGlobal
